
Microsoft Visual Studio Solution File, Format Version 12.00
Project("{FAE04EC0-301F-11D3-BF4B-00C04F79EFBC}") = "GenericExample", "GenericExample\GenericExample.csproj", "{4250EF15-07DC-47D4-A17B-617918843B73}"
EndProject
Project("{FAE04EC0-301F-11D3-BF4B-00C04F79EFBC}") = "GenericClassLibrary", "GenericClassLibrary\GenericClassLibrary.csproj", "{CC131046-4479-48DE-9CB7-07B6711630CB}"
EndProject
Global
	GlobalSection(SolutionConfigurationPlatforms) = preSolution
		Debug|Any CPU = Debug|Any CPU
		Release|Any CPU = Release|Any CPU
	EndGlobalSection
	GlobalSection(ProjectConfigurationPlatforms) = postSolution
		{4250EF15-07DC-47D4-A17B-617918843B73}.Debug|Any CPU.ActiveCfg = Debug|Any CPU
		{4250EF15-07DC-47D4-A17B-617918843B73}.Debug|Any CPU.Build.0 = Debug|Any CPU
		{4250EF15-07DC-47D4-A17B-617918843B73}.Release|Any CPU.ActiveCfg = Release|Any CPU
		{4250EF15-07DC-47D4-A17B-617918843B73}.Release|Any CPU.Build.0 = Release|Any CPU
		{CC131046-4479-48DE-9CB7-07B6711630CB}.Debug|Any CPU.ActiveCfg = Debug|Any CPU
		{CC131046-4479-48DE-9CB7-07B6711630CB}.Debug|Any CPU.Build.0 = Debug|Any CPU
		{CC131046-4479-48DE-9CB7-07B6711630CB}.Release|Any CPU.ActiveCfg = Release|Any CPU
		{CC131046-4479-48DE-9CB7-07B6711630CB}.Release|Any CPU.Build.0 = Release|Any CPU
	EndGlobalSection
EndGlobal
