
Microsoft Visual Studio Solution File, Format Version 12.00
# Visual Studio Version 17
VisualStudioVersion = 17.13.35825.156 d17.13
MinimumVisualStudioVersion = 10.0.40219.1
Project("{FAE04EC0-301F-11D3-BF4B-00C04F79EFBC}") = "IndexersExample", "IndexersExample\IndexersExample.csproj", "{4AB2474F-D5D8-4712-B8AB-A23C8C2E0289}"
EndProject
Project("{FAE04EC0-301F-11D3-BF4B-00C04F79EFBC}") = "IndexerLibrary", "IndexerLibrary\IndexerLibrary.csproj", "{84B7B81B-0AE4-4F74-BC15-5BEAA14A2861}"
EndProject
Global
	GlobalSection(SolutionConfigurationPlatforms) = preSolution
		Debug|Any CPU = Debug|Any CPU
		Release|Any CPU = Release|Any CPU
	EndGlobalSection
	GlobalSection(ProjectConfigurationPlatforms) = postSolution
		{4AB2474F-D5D8-4712-B8AB-A23C8C2E0289}.Debug|Any CPU.ActiveCfg = Debug|Any CPU
		{4AB2474F-D5D8-4712-B8AB-A23C8C2E0289}.Debug|Any CPU.Build.0 = Debug|Any CPU
		{4AB2474F-D5D8-4712-B8AB-A23C8C2E0289}.Release|Any CPU.ActiveCfg = Release|Any CPU
		{4AB2474F-D5D8-4712-B8AB-A23C8C2E0289}.Release|Any CPU.Build.0 = Release|Any CPU
		{84B7B81B-0AE4-4F74-BC15-5BEAA14A2861}.Debug|Any CPU.ActiveCfg = Debug|Any CPU
		{84B7B81B-0AE4-4F74-BC15-5BEAA14A2861}.Debug|Any CPU.Build.0 = Debug|Any CPU
		{84B7B81B-0AE4-4F74-BC15-5BEAA14A2861}.Release|Any CPU.ActiveCfg = Release|Any CPU
		{84B7B81B-0AE4-4F74-BC15-5BEAA14A2861}.Release|Any CPU.Build.0 = Release|Any CPU
	EndGlobalSection
	GlobalSection(SolutionProperties) = preSolution
		HideSolutionNode = FALSE
	EndGlobalSection
	GlobalSection(ExtensibilityGlobals) = postSolution
		SolutionGuid = {F6D39EE8-85E0-4C82-839F-F2FA27EA8E77}
	EndGlobalSection
EndGlobal
