
Microsoft Visual Studio Solution File, Format Version 12.00
Project("{FAE04EC0-301F-11D3-BF4B-00C04F79EFBC}") = "CustomCollectionsExample", "CustomCollectionsExample\CustomCollectionsExample.csproj", "{F691595E-AB1B-42C5-ACF5-C4673A494ADD}"
EndProject
Global
	GlobalSection(SolutionConfigurationPlatforms) = preSolution
		Debug|Any CPU = Debug|Any CPU
		Release|Any CPU = Release|Any CPU
	EndGlobalSection
	GlobalSection(ProjectConfigurationPlatforms) = postSolution
		{F691595E-AB1B-42C5-ACF5-C4673A494ADD}.Debug|Any CPU.ActiveCfg = Debug|Any CPU
		{F691595E-AB1B-42C5-ACF5-C4673A494ADD}.Debug|Any CPU.Build.0 = Debug|Any CPU
		{F691595E-AB1B-42C5-ACF5-C4673A494ADD}.Release|Any CPU.ActiveCfg = Release|Any CPU
		{F691595E-AB1B-42C5-ACF5-C4673A494ADD}.Release|Any CPU.Build.0 = Release|Any CPU
	EndGlobalSection
EndGlobal
