
Microsoft Visual Studio Solution File, Format Version 12.00
Project("{FAE04EC0-301F-11D3-BF4B-00C04F79EFBC}") = "DeepCopyExample", "DeepCopyExample\DeepCopyExample.csproj", "{4FA0BF0D-5CA7-485A-8619-5E370BB1897F}"
EndProject
Global
	GlobalSection(SolutionConfigurationPlatforms) = preSolution
		Debug|Any CPU = Debug|Any CPU
		Release|Any CPU = Release|Any CPU
	EndGlobalSection
	GlobalSection(ProjectConfigurationPlatforms) = postSolution
		{4FA0BF0D-5CA7-485A-8619-5E370BB1897F}.Debug|Any CPU.ActiveCfg = Debug|Any CPU
		{4FA0BF0D-5CA7-485A-8619-5E370BB1897F}.Debug|Any CPU.Build.0 = Debug|Any CPU
		{4FA0BF0D-5CA7-485A-8619-5E370BB1897F}.Release|Any CPU.ActiveCfg = Release|Any CPU
		{4FA0BF0D-5CA7-485A-8619-5E370BB1897F}.Release|Any CPU.Build.0 = Release|Any CPU
	EndGlobalSection
EndGlobal
